// !$*UTF8*$!
{
	archiveVersion = 1;
	classes = {
	};
	objectVersion = 50;
	objects = {

/* Begin PBXBuildFile section */
		410ED7D0241E10AC00FE5994 /* AppDelegate.swift in Sources */ = {isa = PBXBuildFile; fileRef = 410ED7CF241E10AC00FE5994 /* AppDelegate.swift */; };
		410ED7D2241E10AC00FE5994 /* SceneDelegate.swift in Sources */ = {isa = PBXBuildFile; fileRef = 410ED7D1241E10AC00FE5994 /* SceneDelegate.swift */; };
		410ED7D4241E10AC00FE5994 /* ViewController.swift in Sources */ = {isa = PBXBuildFile; fileRef = 410ED7D3241E10AC00FE5994 /* ViewController.swift */; };
		410ED7D7241E10AC00FE5994 /* Main.storyboard in Resources */ = {isa = PBXBuildFile; fileRef = 410ED7D5241E10AC00FE5994 /* Main.storyboard */; };
		410ED7D9241E10AE00FE5994 /* Assets.xcassets in Resources */ = {isa = PBXBuildFile; fileRef = 410ED7D8241E10AE00FE5994 /* Assets.xcassets */; };
		410ED7DC241E10AE00FE5994 /* LaunchScreen.storyboard in Resources */ = {isa = PBXBuildFile; fileRef = 410ED7DA241E10AE00FE5994 /* LaunchScreen.storyboard */; };
		410ED7E4241EBF1A00FE5994 /* Stations.swift in Sources */ = {isa = PBXBuildFile; fileRef = 410ED7E3241EBF1A00FE5994 /* Stations.swift */; };
		414E4DD124E261F1005785E5 /* DataDecoder.swift in Sources */ = {isa = PBXBuildFile; fileRef = 414E4DD024E261F1005785E5 /* DataDecoder.swift */; };
		414E4DD324E26200005785E5 /* ArrivalData.swift in Sources */ = {isa = PBXBuildFile; fileRef = 414E4DD224E26200005785E5 /* ArrivalData.swift */; };
		41EC8DDE241ECDBF009F007E /* DetailViewController.swift in Sources */ = {isa = PBXBuildFile; fileRef = 41EC8DDD241ECDBF009F007E /* DetailViewController.swift */; };
/* End PBXBuildFile section */

/* Begin PBXFileReference section */
		410ED7CC241E10AC00FE5994 /* JLUKAWSK Final.app */ = {isa = PBXFileReference; explicitFileType = wrapper.application; includeInIndex = 0; path = "JLUKAWSK Final.app"; sourceTree = BUILT_PRODUCTS_DIR; };
		410ED7CF241E10AC00FE5994 /* AppDelegate.swift */ = {isa = PBXFileReference; lastKnownFileType = sourcecode.swift; path = AppDelegate.swift; sourceTree = "<group>"; };
		410ED7D1241E10AC00FE5994 /* SceneDelegate.swift */ = {isa = PBXFileReference; lastKnownFileType = sourcecode.swift; path = SceneDelegate.swift; sourceTree = "<group>"; };
		410ED7D3241E10AC00FE5994 /* ViewController.swift */ = {isa = PBXFileReference; lastKnownFileType = sourcecode.swift; path = ViewController.swift; sourceTree = "<group>"; };
		410ED7D6241E10AC00FE5994 /* Base */ = {isa = PBXFileReference; lastKnownFileType = file.storyboard; name = Base; path = Base.lproj/Main.storyboard; sourceTree = "<group>"; };
		410ED7D8241E10AE00FE5994 /* Assets.xcassets */ = {isa = PBXFileReference; lastKnownFileType = folder.assetcatalog; path = Assets.xcassets; sourceTree = "<group>"; };
		410ED7DB241E10AE00FE5994 /* Base */ = {isa = PBXFileReference; lastKnownFileType = file.storyboard; name = Base; path = Base.lproj/LaunchScreen.storyboard; sourceTree = "<group>"; };
		410ED7DD241E10AE00FE5994 /* Info.plist */ = {isa = PBXFileReference; lastKnownFileType = text.plist.xml; path = Info.plist; sourceTree = "<group>"; };
		410ED7E3241EBF1A00FE5994 /* Stations.swift */ = {isa = PBXFileReference; lastKnownFileType = sourcecode.swift; path = Stations.swift; sourceTree = "<group>"; };
		414E4DD024E261F1005785E5 /* DataDecoder.swift */ = {isa = PBXFileReference; lastKnownFileType = sourcecode.swift; path = DataDecoder.swift; sourceTree = "<group>"; };
		414E4DD224E26200005785E5 /* ArrivalData.swift */ = {isa = PBXFileReference; lastKnownFileType = sourcecode.swift; path = ArrivalData.swift; sourceTree = "<group>"; };
		41EC8DDD241ECDBF009F007E /* DetailViewController.swift */ = {isa = PBXFileReference; lastKnownFileType = sourcecode.swift; path = DetailViewController.swift; sourceTree = "<group>"; };
/* End PBXFileReference section */

/* Begin PBXFrameworksBuildPhase section */
		410ED7C9241E10AC00FE5994 /* Frameworks */ = {
			isa = PBXFrameworksBuildPhase;
			buildActionMask = 2147483647;
			files = (
			);
			runOnlyForDeploymentPostprocessing = 0;
		};
/* End PBXFrameworksBuildPhase section */

/* Begin PBXGroup section */
		410ED7C3241E10AC00FE5994 = {
			isa = PBXGroup;
			children = (
				410ED7CE241E10AC00FE5994 /* JLUKAWSK Final */,
				410ED7CD241E10AC00FE5994 /* Products */,
			);
			sourceTree = "<group>";
		};
		410ED7CD241E10AC00FE5994 /* Products */ = {
			isa = PBXGroup;
			children = (
				410ED7CC241E10AC00FE5994 /* JLUKAWSK Final.app */,
			);
			name = Products;
			sourceTree = "<group>";
		};
		410ED7CE241E10AC00FE5994 /* JLUKAWSK Final */ = {
			isa = PBXGroup;
			children = (
				410ED7CF241E10AC00FE5994 /* AppDelegate.swift */,
				410ED7D1241E10AC00FE5994 /* SceneDelegate.swift */,
				410ED7D3241E10AC00FE5994 /* ViewController.swift */,
				41EC8DDD241ECDBF009F007E /* DetailViewController.swift */,
				410ED7E3241EBF1A00FE5994 /* Stations.swift */,
				410ED7D5241E10AC00FE5994 /* Main.storyboard */,
				410ED7D8241E10AE00FE5994 /* Assets.xcassets */,
				410ED7DA241E10AE00FE5994 /* LaunchScreen.storyboard */,
				410ED7DD241E10AE00FE5994 /* Info.plist */,
				414E4DD224E26200005785E5 /* ArrivalData.swift */,
				414E4DD024E261F1005785E5 /* DataDecoder.swift */,
			);
			path = "JLUKAWSK Final";
			sourceTree = "<group>";
		};
/* End PBXGroup section */

/* Begin PBXNativeTarget section */
		410ED7CB241E10AC00FE5994 /* JLUKAWSK Final */ = {
			isa = PBXNativeTarget;
			buildConfigurationList = 410ED7E0241E10AE00FE5994 /* Build configuration list for PBXNativeTarget "JLUKAWSK Final" */;
			buildPhases = (
				410ED7C8241E10AC00FE5994 /* Sources */,
				410ED7C9241E10AC00FE5994 /* Frameworks */,
				410ED7CA241E10AC00FE5994 /* Resources */,
			);
			buildRules = (
			);
			dependencies = (
			);
			name = "JLUKAWSK Final";
			productName = "JLUKAWSK Final";
			productReference = 410ED7CC241E10AC00FE5994 /* JLUKAWSK Final.app */;
			productType = "com.apple.product-type.application";
		};
/* End PBXNativeTarget section */

/* Begin PBXProject section */
		410ED7C4241E10AC00FE5994 /* Project object */ = {
			isa = PBXProject;
			attributes = {
				LastSwiftUpdateCheck = 1130;
				LastUpgradeCheck = 1130;
				ORGANIZATIONNAME = "Jake Lukawski";
				TargetAttributes = {
					410ED7CB241E10AC00FE5994 = {
						CreatedOnToolsVersion = 11.3;
					};
				};
			};
			buildConfigurationList = 410ED7C7241E10AC00FE5994 /* Build configuration list for PBXProject "JLUKAWSK Final" */;
			compatibilityVersion = "Xcode 9.3";
			developmentRegion = en;
			hasScannedForEncodings = 0;
			knownRegions = (
				en,
				Base,
			);
			mainGroup = 410ED7C3241E10AC00FE5994;
			productRefGroup = 410ED7CD241E10AC00FE5994 /* Products */;
			projectDirPath = "";
			projectRoot = "";
			targets = (
				410ED7CB241E10AC00FE5994 /* JLUKAWSK Final */,
			);
		};
/* End PBXProject section */

/* Begin PBXResourcesBuildPhase section */
		410ED7CA241E10AC00FE5994 /* Resources */ = {
			isa = PBXResourcesBuildPhase;
			buildActionMask = 2147483647;
			files = (
				410ED7DC241E10AE00FE5994 /* LaunchScreen.storyboard in Resources */,
				410ED7D9241E10AE00FE5994 /* Assets.xcassets in Resources */,
				410ED7D7241E10AC00FE5994 /* Main.storyboard in Resources */,
			);
			runOnlyForDeploymentPostprocessing = 0;
		};
/* End PBXResourcesBuildPhase section */

/* Begin PBXSourcesBuildPhase section */
		410ED7C8241E10AC00FE5994 /* Sources */ = {
			isa = PBXSourcesBuildPhase;
			buildActionMask = 2147483647;
			files = (
				414E4DD124E261F1005785E5 /* DataDecoder.swift in Sources */,
				410ED7D4241E10AC00FE5994 /* ViewController.swift in Sources */,
				410ED7D0241E10AC00FE5994 /* AppDelegate.swift in Sources */,
				41EC8DDE241ECDBF009F007E /* DetailViewController.swift in Sources */,
				410ED7E4241EBF1A00FE5994 /* Stations.swift in Sources */,
				414E4DD324E26200005785E5 /* ArrivalData.swift in Sources */,
				410ED7D2241E10AC00FE5994 /* SceneDelegate.swift in Sources */,
			);
			runOnlyForDeploymentPostprocessing = 0;
		};
/* End PBXSourcesBuildPhase section */

/* Begin PBXVariantGroup section */
		410ED7D5241E10AC00FE5994 /* Main.storyboard */ = {
			isa = PBXVariantGroup;
			children = (
				410ED7D6241E10AC00FE5994 /* Base */,
			);
			name = Main.storyboard;
			sourceTree = "<group>";
		};
		410ED7DA241E10AE00FE5994 /* LaunchScreen.storyboard */ = {
			isa = PBXVariantGroup;
			children = (
				410ED7DB241E10AE00FE5994 /* Base */,
			);
			name = LaunchScreen.storyboard;
			sourceTree = "<group>";
		};
/* End PBXVariantGroup section */

/* Begin XCBuildConfiguration section */
		410ED7DE241E10AE00FE5994 /* Debug */ = {
			isa = XCBuildConfiguration;
			buildSettings = {
				ALWAYS_SEARCH_USER_PATHS = NO;
				CLANG_ANALYZER_NONNULL = YES;
				CLANG_ANALYZER_NUMBER_OBJECT_CONVERSION = YES_AGGRESSIVE;
				CLANG_CXX_LANGUAGE_STANDARD = "gnu++14";
				CLANG_CXX_LIBRARY = "libc++";
				CLANG_ENABLE_MODULES = YES;
				CLANG_ENABLE_OBJC_ARC = YES;
				CLANG_ENABLE_OBJC_WEAK = YES;
				CLANG_WARN_BLOCK_CAPTURE_AUTORELEASING = YES;
				CLANG_WARN_BOOL_CONVERSION = YES;
				CLANG_WARN_COMMA = YES;
				CLANG_WARN_CONSTANT_CONVERSION = YES;
				CLANG_WARN_DEPRECATED_OBJC_IMPLEMENTATIONS = YES;
				CLANG_WARN_DIRECT_OBJC_ISA_USAGE = YES_ERROR;
				CLANG_WARN_DOCUMENTATION_COMMENTS = YES;
				CLANG_WARN_EMPTY_BODY = YES;
				CLANG_WARN_ENUM_CONVERSION = YES;
				CLANG_WARN_INFINITE_RECURSION = YES;
				CLANG_WARN_INT_CONVERSION = YES;
				CLANG_WARN_NON_LITERAL_NULL_CONVERSION = YES;
				CLANG_WARN_OBJC_IMPLICIT_RETAIN_SELF = YES;
				CLANG_WARN_OBJC_LITERAL_CONVERSION = YES;
				CLANG_WARN_OBJC_ROOT_CLASS = YES_ERROR;
				CLANG_WARN_RANGE_LOOP_ANALYSIS = YES;
				CLANG_WARN_STRICT_PROTOTYPES = YES;
				CLANG_WARN_SUSPICIOUS_MOVE = YES;
				CLANG_WARN_UNGUARDED_AVAILABILITY = YES_AGGRESSIVE;
				CLANG_WARN_UNREACHABLE_CODE = YES;
				CLANG_WARN__DUPLICATE_METHOD_MATCH = YES;
				COPY_PHASE_STRIP = NO;
				DEBUG_INFORMATION_FORMAT = dwarf;
				ENABLE_STRICT_OBJC_MSGSEND = YES;
				ENABLE_TESTABILITY = YES;
				GCC_C_LANGUAGE_STANDARD = gnu11;
				GCC_DYNAMIC_NO_PIC = NO;
				GCC_NO_COMMON_BLOCKS = YES;
				GCC_OPTIMIZATION_LEVEL = 0;
				GCC_PREPROCESSOR_DEFINITIONS = (
					"DEBUG=1",
					"$(inherited)",
				);
				GCC_WARN_64_TO_32_BIT_CONVERSION = YES;
				GCC_WARN_ABOUT_RETURN_TYPE = YES_ERROR;
				GCC_WARN_UNDECLARED_SELECTOR = YES;
				GCC_WARN_UNINITIALIZED_AUTOS = YES_AGGRESSIVE;
				GCC_WARN_UNUSED_FUNCTION = YES;
				GCC_WARN_UNUSED_VARIABLE = YES;
				IPHONEOS_DEPLOYMENT_TARGET = 13.2;
				MTL_ENABLE_DEBUG_INFO = INCLUDE_SOURCE;
				MTL_FAST_MATH = YES;
				ONLY_ACTIVE_ARCH = YES;
				SDKROOT = iphoneos;
				SWIFT_ACTIVE_COMPILATION_CONDITIONS = DEBUG;
				SWIFT_OPTIMIZATION_LEVEL = "-Onone";
			};
			name = Debug;
		};
		410ED7DF241E10AE00FE5994 /* Release */ = {
			isa = XCBuildConfiguration;
			buildSettings = {
				ALWAYS_SEARCH_USER_PATHS = NO;
				CLANG_ANALYZER_NONNULL = YES;
				CLANG_ANALYZER_NUMBER_OBJECT_CONVERSION = YES_AGGRESSIVE;
				CLANG_CXX_LANGUAGE_STANDARD = "gnu++14";
				CLANG_CXX_LIBRARY = "libc++";
				CLANG_ENABLE_MODULES = YES;
				CLANG_ENABLE_OBJC_ARC = YES;
				CLANG_ENABLE_OBJC_WEAK = YES;
				CLANG_WARN_BLOCK_CAPTURE_AUTORELEASING = YES;
				CLANG_WARN_BOOL_CONVERSION = YES;
				CLANG_WARN_COMMA = YES;
				CLANG_WARN_CONSTANT_CONVERSION = YES;
				CLANG_WARN_DEPRECATED_OBJC_IMPLEMENTATIONS = YES;
				CLANG_WARN_DIRECT_OBJC_ISA_USAGE = YES_ERROR;
				CLANG_WARN_DOCUMENTATION_COMMENTS = YES;
				CLANG_WARN_EMPTY_BODY = YES;
				CLANG_WARN_ENUM_CONVERSION = YES;
				CLANG_WARN_INFINITE_RECURSION = YES;
				CLANG_WARN_INT_CONVERSION = YES;
				CLANG_WARN_NON_LITERAL_NULL_CONVERSION = YES;
				CLANG_WARN_OBJC_IMPLICIT_RETAIN_SELF = YES;
				CLANG_WARN_OBJC_LITERAL_CONVERSION = YES;
				CLANG_WARN_OBJC_ROOT_CLASS = YES_ERROR;
				CLANG_WARN_RANGE_LOOP_ANALYSIS = YES;
				CLANG_WARN_STRICT_PROTOTYPES = YES;
				CLANG_WARN_SUSPICIOUS_MOVE = YES;
				CLANG_WARN_UNGUARDED_AVAILABILITY = YES_AGGRESSIVE;
				CLANG_WARN_UNREACHABLE_CODE = YES;
				CLANG_WARN__DUPLICATE_METHOD_MATCH = YES;
				COPY_PHASE_STRIP = NO;
				DEBUG_INFORMATION_FORMAT = "dwarf-with-dsym";
				ENABLE_NS_ASSERTIONS = NO;
				ENABLE_STRICT_OBJC_MSGSEND = YES;
				GCC_C_LANGUAGE_STANDARD = gnu11;
				GCC_NO_COMMON_BLOCKS = YES;
				GCC_WARN_64_TO_32_BIT_CONVERSION = YES;
				GCC_WARN_ABOUT_RETURN_TYPE = YES_ERROR;
				GCC_WARN_UNDECLARED_SELECTOR = YES;
				GCC_WARN_UNINITIALIZED_AUTOS = YES_AGGRESSIVE;
				GCC_WARN_UNUSED_FUNCTION = YES;
				GCC_WARN_UNUSED_VARIABLE = YES;
				IPHONEOS_DEPLOYMENT_TARGET = 13.2;
				MTL_ENABLE_DEBUG_INFO = NO;
				MTL_FAST_MATH = YES;
				SDKROOT = iphoneos;
				SWIFT_COMPILATION_MODE = wholemodule;
				SWIFT_OPTIMIZATION_LEVEL = "-O";
				VALIDATE_PRODUCT = YES;
			};
			name = Release;
		};
		410ED7E1241E10AE00FE5994 /* Debug */ = {
			isa = XCBuildConfiguration;
			buildSettings = {
				ASSETCATALOG_COMPILER_APPICON_NAME = AppIcon;
				CODE_SIGN_STYLE = Automatic;
				DEVELOPMENT_TEAM = RS7PSX24R2;
				INFOPLIST_FILE = "JLUKAWSK Final/Info.plist";
				LD_RUNPATH_SEARCH_PATHS = (
					"$(inherited)",
					"@executable_path/Frameworks",
				);
				PRODUCT_BUNDLE_IDENTIFIER = "com.example.JLUKAWSK-Final";
				PRODUCT_NAME = "$(TARGET_NAME)";
				SWIFT_VERSION = 5.0;
				TARGETED_DEVICE_FAMILY = "1,2";
			};
			name = Debug;
		};
		410ED7E2241E10AE00FE5994 /* Release */ = {
			isa = XCBuildConfiguration;
			buildSettings = {
				ASSETCATALOG_COMPILER_APPICON_NAME = AppIcon;
				CODE_SIGN_STYLE = Automatic;
				DEVELOPMENT_TEAM = RS7PSX24R2;
				INFOPLIST_FILE = "JLUKAWSK Final/Info.plist";
				LD_RUNPATH_SEARCH_PATHS = (
					"$(inherited)",
					"@executable_path/Frameworks",
				);
				PRODUCT_BUNDLE_IDENTIFIER = "com.example.JLUKAWSK-Final";
				PRODUCT_NAME = "$(TARGET_NAME)";
				SWIFT_VERSION = 5.0;
				TARGETED_DEVICE_FAMILY = "1,2";
			};
			name = Release;
		};
/* End XCBuildConfiguration section */

/* Begin XCConfigurationList section */
		410ED7C7241E10AC00FE5994 /* Build configuration list for PBXProject "JLUKAWSK Final" */ = {
			isa = XCConfigurationList;
			buildConfigurations = (
				410ED7DE241E10AE00FE5994 /* Debug */,
				410ED7DF241E10AE00FE5994 /* Release */,
			);
			defaultConfigurationIsVisible = 0;
			defaultConfigurationName = Release;
		};
		410ED7E0241E10AE00FE5994 /* Build configuration list for PBXNativeTarget "JLUKAWSK Final" */ = {
			isa = XCConfigurationList;
			buildConfigurations = (
				410ED7E1241E10AE00FE5994 /* Debug */,
				410ED7E2241E10AE00FE5994 /* Release */,
			);
			defaultConfigurationIsVisible = 0;
			defaultConfigurationName = Release;
		};
/* End XCConfigurationList section */
	};
	rootObject = 410ED7C4241E10AC00FE5994 /* Project object */;
}
